// !$*UTF8*$!
{
	archiveVersion = 1;
	classes = {
	};
	objectVersion = 56;
	objects = {

/* Begin PBXBuildFile section */
		63082DEA2994DE9A007769E0 /* MollectionApp.swift in Sources */ = {isa = PBXBuildFile; fileRef = 63082DE92994DE9A007769E0 /* MollectionApp.swift */; };
		63082DEC2994DE9A007769E0 /* ContentView.swift in Sources */ = {isa = PBXBuildFile; fileRef = 63082DEB2994DE9A007769E0 /* ContentView.swift */; };
		63082DEE2994DE9B007769E0 /* Assets.xcassets in Resources */ = {isa = PBXBuildFile; fileRef = 63082DED2994DE9B007769E0 /* Assets.xcassets */; };
		63082DF12994DE9B007769E0 /* Preview Assets.xcassets in Resources */ = {isa = PBXBuildFile; fileRef = 63082DF02994DE9B007769E0 /* Preview Assets.xcassets */; };
		63082DF82994DFA6007769E0 /* APIKey.swift in Sources */ = {isa = PBXBuildFile; fileRef = 63082DF72994DFA6007769E0 /* APIKey.swift */; };
		63082E012994E1CE007769E0 /* NotoSansKR-Bold.otf in Resources */ = {isa = PBXBuildFile; fileRef = 63082DFE2994E1CD007769E0 /* NotoSansKR-Bold.otf */; };
		63082E022994E1CE007769E0 /* NotoSansKR-Medium.otf in Resources */ = {isa = PBXBuildFile; fileRef = 63082DFF2994E1CD007769E0 /* NotoSansKR-Medium.otf */; };
		63082E032994E1CE007769E0 /* NotoSansKR-Regular.otf in Resources */ = {isa = PBXBuildFile; fileRef = 63082E002994E1CE007769E0 /* NotoSansKR-Regular.otf */; };
		63082E082994E238007769E0 /* Font+Custom.swift in Sources */ = {isa = PBXBuildFile; fileRef = 63082E072994E238007769E0 /* Font+Custom.swift */; };
		63082E0A2994E2CE007769E0 /* Color+Custom.swift in Sources */ = {isa = PBXBuildFile; fileRef = 63082E092994E2CE007769E0 /* Color+Custom.swift */; };
		63082E0E2994EA03007769E0 /* SplashView.swift in Sources */ = {isa = PBXBuildFile; fileRef = 63082E0D2994EA03007769E0 /* SplashView.swift */; };
		63082E112994ED06007769E0 /* UserDefault.swift in Sources */ = {isa = PBXBuildFile; fileRef = 63082E102994ED06007769E0 /* UserDefault.swift */; };
		63082E142994EF33007769E0 /* LoginView.swift in Sources */ = {isa = PBXBuildFile; fileRef = 63082E132994EF33007769E0 /* LoginView.swift */; };
/* End PBXBuildFile section */

/* Begin PBXFileReference section */
		63082DE62994DE9A007769E0 /* Mollection.app */ = {isa = PBXFileReference; explicitFileType = wrapper.application; includeInIndex = 0; path = Mollection.app; sourceTree = BUILT_PRODUCTS_DIR; };
		63082DE92994DE9A007769E0 /* MollectionApp.swift */ = {isa = PBXFileReference; lastKnownFileType = sourcecode.swift; path = MollectionApp.swift; sourceTree = "<group>"; };
		63082DEB2994DE9A007769E0 /* ContentView.swift */ = {isa = PBXFileReference; lastKnownFileType = sourcecode.swift; path = ContentView.swift; sourceTree = "<group>"; };
		63082DED2994DE9B007769E0 /* Assets.xcassets */ = {isa = PBXFileReference; lastKnownFileType = folder.assetcatalog; path = Assets.xcassets; sourceTree = "<group>"; };
		63082DF02994DE9B007769E0 /* Preview Assets.xcassets */ = {isa = PBXFileReference; lastKnownFileType = folder.assetcatalog; path = "Preview Assets.xcassets"; sourceTree = "<group>"; };
		63082DF72994DFA6007769E0 /* APIKey.swift */ = {isa = PBXFileReference; lastKnownFileType = sourcecode.swift; path = APIKey.swift; sourceTree = "<group>"; };
		63082DFE2994E1CD007769E0 /* NotoSansKR-Bold.otf */ = {isa = PBXFileReference; lastKnownFileType = file; path = "NotoSansKR-Bold.otf"; sourceTree = "<group>"; };
		63082DFF2994E1CD007769E0 /* NotoSansKR-Medium.otf */ = {isa = PBXFileReference; lastKnownFileType = file; path = "NotoSansKR-Medium.otf"; sourceTree = "<group>"; };
		63082E002994E1CE007769E0 /* NotoSansKR-Regular.otf */ = {isa = PBXFileReference; lastKnownFileType = file; path = "NotoSansKR-Regular.otf"; sourceTree = "<group>"; };
		63082E072994E238007769E0 /* Font+Custom.swift */ = {isa = PBXFileReference; lastKnownFileType = sourcecode.swift; path = "Font+Custom.swift"; sourceTree = "<group>"; };
		63082E092994E2CE007769E0 /* Color+Custom.swift */ = {isa = PBXFileReference; lastKnownFileType = sourcecode.swift; path = "Color+Custom.swift"; sourceTree = "<group>"; };
		63082E0B2994E3D2007769E0 /* Info.plist */ = {isa = PBXFileReference; lastKnownFileType = text.plist; path = Info.plist; sourceTree = "<group>"; };
		63082E0D2994EA03007769E0 /* SplashView.swift */ = {isa = PBXFileReference; lastKnownFileType = sourcecode.swift; path = SplashView.swift; sourceTree = "<group>"; };
		63082E102994ED06007769E0 /* UserDefault.swift */ = {isa = PBXFileReference; lastKnownFileType = sourcecode.swift; path = UserDefault.swift; sourceTree = "<group>"; };
		63082E132994EF33007769E0 /* LoginView.swift */ = {isa = PBXFileReference; lastKnownFileType = sourcecode.swift; path = LoginView.swift; sourceTree = "<group>"; };
/* End PBXFileReference section */

/* Begin PBXFrameworksBuildPhase section */
		63082DE32994DE9A007769E0 /* Frameworks */ = {
			isa = PBXFrameworksBuildPhase;
			buildActionMask = 2147483647;
			files = (
			);
			runOnlyForDeploymentPostprocessing = 0;
		};
/* End PBXFrameworksBuildPhase section */

/* Begin PBXGroup section */
		63082DDD2994DE9A007769E0 = {
			isa = PBXGroup;
			children = (
				63082DE82994DE9A007769E0 /* Mollection */,
				63082DE72994DE9A007769E0 /* Products */,
			);
			sourceTree = "<group>";
		};
		63082DE72994DE9A007769E0 /* Products */ = {
			isa = PBXGroup;
			children = (
				63082DE62994DE9A007769E0 /* Mollection.app */,
			);
			name = Products;
			sourceTree = "<group>";
		};
		63082DE82994DE9A007769E0 /* Mollection */ = {
			isa = PBXGroup;
			children = (
				63082E0B2994E3D2007769E0 /* Info.plist */,
				63082DF92994E000007769E0 /* Application */,
				63082DFB2994E07D007769E0 /* Presentation */,
				63082DFA2994E021007769E0 /* Network */,
				63082E042994E210007769E0 /* Utility */,
				63082DFC2994E0C0007769E0 /* Resources */,
				63082DEF2994DE9B007769E0 /* Preview Content */,
			);
			path = Mollection;
			sourceTree = "<group>";
		};
		63082DEF2994DE9B007769E0 /* Preview Content */ = {
			isa = PBXGroup;
			children = (
				63082DF02994DE9B007769E0 /* Preview Assets.xcassets */,
			);
			path = "Preview Content";
			sourceTree = "<group>";
		};
		63082DF92994E000007769E0 /* Application */ = {
			isa = PBXGroup;
			children = (
				63082DE92994DE9A007769E0 /* MollectionApp.swift */,
			);
			path = Application;
			sourceTree = "<group>";
		};
		63082DFA2994E021007769E0 /* Network */ = {
			isa = PBXGroup;
			children = (
				63082DF72994DFA6007769E0 /* APIKey.swift */,
			);
			path = Network;
			sourceTree = "<group>";
		};
		63082DFB2994E07D007769E0 /* Presentation */ = {
			isa = PBXGroup;
			children = (
				63082DEB2994DE9A007769E0 /* ContentView.swift */,
				63082E0C2994E9E4007769E0 /* SplashScene */,
				63082E122994EEC3007769E0 /* LoginScene */,
			);
			path = Presentation;
			sourceTree = "<group>";
		};
		63082DFC2994E0C0007769E0 /* Resources */ = {
			isa = PBXGroup;
			children = (
				63082DFD2994E0CD007769E0 /* Fonts */,
				63082DED2994DE9B007769E0 /* Assets.xcassets */,
			);
			path = Resources;
			sourceTree = "<group>";
		};
		63082DFD2994E0CD007769E0 /* Fonts */ = {
			isa = PBXGroup;
			children = (
				63082DFE2994E1CD007769E0 /* NotoSansKR-Bold.otf */,
				63082DFF2994E1CD007769E0 /* NotoSansKR-Medium.otf */,
				63082E002994E1CE007769E0 /* NotoSansKR-Regular.otf */,
			);
			path = Fonts;
			sourceTree = "<group>";
		};
		63082E042994E210007769E0 /* Utility */ = {
			isa = PBXGroup;
			children = (
				63082E0F2994ECE9007769E0 /* PropertyWrapper */,
				63082E052994E21E007769E0 /* Extension */,
			);
			path = Utility;
			sourceTree = "<group>";
		};
		63082E052994E21E007769E0 /* Extension */ = {
			isa = PBXGroup;
			children = (
				63082E062994E228007769E0 /* UI */,
			);
			path = Extension;
			sourceTree = "<group>";
		};
		63082E062994E228007769E0 /* UI */ = {
			isa = PBXGroup;
			children = (
				63082E072994E238007769E0 /* Font+Custom.swift */,
				63082E092994E2CE007769E0 /* Color+Custom.swift */,
			);
			path = UI;
			sourceTree = "<group>";
		};
		63082E0C2994E9E4007769E0 /* SplashScene */ = {
			isa = PBXGroup;
			children = (
				63082E0D2994EA03007769E0 /* SplashView.swift */,
			);
			path = SplashScene;
			sourceTree = "<group>";
		};
		63082E0F2994ECE9007769E0 /* PropertyWrapper */ = {
			isa = PBXGroup;
			children = (
				63082E102994ED06007769E0 /* UserDefault.swift */,
			);
			path = PropertyWrapper;
			sourceTree = "<group>";
		};
		63082E122994EEC3007769E0 /* LoginScene */ = {
			isa = PBXGroup;
			children = (
				63082E132994EF33007769E0 /* LoginView.swift */,
			);
			path = LoginScene;
			sourceTree = "<group>";
		};
/* End PBXGroup section */

/* Begin PBXNativeTarget section */
		63082DE52994DE9A007769E0 /* Mollection */ = {
			isa = PBXNativeTarget;
			buildConfigurationList = 63082DF42994DE9B007769E0 /* Build configuration list for PBXNativeTarget "Mollection" */;
			buildPhases = (
				63082DE22994DE9A007769E0 /* Sources */,
				63082DE32994DE9A007769E0 /* Frameworks */,
				63082DE42994DE9A007769E0 /* Resources */,
			);
			buildRules = (
			);
			dependencies = (
			);
			name = Mollection;
			productName = Mollection;
			productReference = 63082DE62994DE9A007769E0 /* Mollection.app */;
			productType = "com.apple.product-type.application";
		};
/* End PBXNativeTarget section */

/* Begin PBXProject section */
		63082DDE2994DE9A007769E0 /* Project object */ = {
			isa = PBXProject;
			attributes = {
				BuildIndependentTargetsInParallel = 1;
				LastSwiftUpdateCheck = 1400;
				LastUpgradeCheck = 1400;
				TargetAttributes = {
					63082DE52994DE9A007769E0 = {
						CreatedOnToolsVersion = 14.0.1;
					};
				};
			};
			buildConfigurationList = 63082DE12994DE9A007769E0 /* Build configuration list for PBXProject "Mollection" */;
			compatibilityVersion = "Xcode 14.0";
			developmentRegion = en;
			hasScannedForEncodings = 0;
			knownRegions = (
				en,
				Base,
			);
			mainGroup = 63082DDD2994DE9A007769E0;
			productRefGroup = 63082DE72994DE9A007769E0 /* Products */;
			projectDirPath = "";
			projectRoot = "";
			targets = (
				63082DE52994DE9A007769E0 /* Mollection */,
			);
		};
/* End PBXProject section */

/* Begin PBXResourcesBuildPhase section */
		63082DE42994DE9A007769E0 /* Resources */ = {
			isa = PBXResourcesBuildPhase;
			buildActionMask = 2147483647;
			files = (
				63082E022994E1CE007769E0 /* NotoSansKR-Medium.otf in Resources */,
				63082DF12994DE9B007769E0 /* Preview Assets.xcassets in Resources */,
				63082E012994E1CE007769E0 /* NotoSansKR-Bold.otf in Resources */,
				63082DEE2994DE9B007769E0 /* Assets.xcassets in Resources */,
				63082E032994E1CE007769E0 /* NotoSansKR-Regular.otf in Resources */,
			);
			runOnlyForDeploymentPostprocessing = 0;
		};
/* End PBXResourcesBuildPhase section */

/* Begin PBXSourcesBuildPhase section */
		63082DE22994DE9A007769E0 /* Sources */ = {
			isa = PBXSourcesBuildPhase;
			buildActionMask = 2147483647;
			files = (
				63082DEC2994DE9A007769E0 /* ContentView.swift in Sources */,
				63082E082994E238007769E0 /* Font+Custom.swift in Sources */,
				63082DF82994DFA6007769E0 /* APIKey.swift in Sources */,
				63082E0A2994E2CE007769E0 /* Color+Custom.swift in Sources */,
				63082DEA2994DE9A007769E0 /* MollectionApp.swift in Sources */,
				63082E112994ED06007769E0 /* UserDefault.swift in Sources */,
				63082E142994EF33007769E0 /* LoginView.swift in Sources */,
				63082E0E2994EA03007769E0 /* SplashView.swift in Sources */,
			);
			runOnlyForDeploymentPostprocessing = 0;
		};
/* End PBXSourcesBuildPhase section */

/* Begin XCBuildConfiguration section */
		63082DF22994DE9B007769E0 /* Debug */ = {
			isa = XCBuildConfiguration;
			buildSettings = {
				ALWAYS_SEARCH_USER_PATHS = NO;
				CLANG_ANALYZER_NONNULL = YES;
				CLANG_ANALYZER_NUMBER_OBJECT_CONVERSION = YES_AGGRESSIVE;
				CLANG_CXX_LANGUAGE_STANDARD = "gnu++20";
				CLANG_ENABLE_MODULES = YES;
				CLANG_ENABLE_OBJC_ARC = YES;
				CLANG_ENABLE_OBJC_WEAK = YES;
				CLANG_WARN_BLOCK_CAPTURE_AUTORELEASING = YES;
				CLANG_WARN_BOOL_CONVERSION = YES;
				CLANG_WARN_COMMA = YES;
				CLANG_WARN_CONSTANT_CONVERSION = YES;
				CLANG_WARN_DEPRECATED_OBJC_IMPLEMENTATIONS = YES;
				CLANG_WARN_DIRECT_OBJC_ISA_USAGE = YES_ERROR;
				CLANG_WARN_DOCUMENTATION_COMMENTS = YES;
				CLANG_WARN_EMPTY_BODY = YES;
				CLANG_WARN_ENUM_CONVERSION = YES;
				CLANG_WARN_INFINITE_RECURSION = YES;
				CLANG_WARN_INT_CONVERSION = YES;
				CLANG_WARN_NON_LITERAL_NULL_CONVERSION = YES;
				CLANG_WARN_OBJC_IMPLICIT_RETAIN_SELF = YES;
				CLANG_WARN_OBJC_LITERAL_CONVERSION = YES;
				CLANG_WARN_OBJC_ROOT_CLASS = YES_ERROR;
				CLANG_WARN_QUOTED_INCLUDE_IN_FRAMEWORK_HEADER = YES;
				CLANG_WARN_RANGE_LOOP_ANALYSIS = YES;
				CLANG_WARN_STRICT_PROTOTYPES = YES;
				CLANG_WARN_SUSPICIOUS_MOVE = YES;
				CLANG_WARN_UNGUARDED_AVAILABILITY = YES_AGGRESSIVE;
				CLANG_WARN_UNREACHABLE_CODE = YES;
				CLANG_WARN__DUPLICATE_METHOD_MATCH = YES;
				COPY_PHASE_STRIP = NO;
				DEBUG_INFORMATION_FORMAT = dwarf;
				ENABLE_STRICT_OBJC_MSGSEND = YES;
				ENABLE_TESTABILITY = YES;
				GCC_C_LANGUAGE_STANDARD = gnu11;
				GCC_DYNAMIC_NO_PIC = NO;
				GCC_NO_COMMON_BLOCKS = YES;
				GCC_OPTIMIZATION_LEVEL = 0;
				GCC_PREPROCESSOR_DEFINITIONS = (
					"DEBUG=1",
					"$(inherited)",
				);
				GCC_WARN_64_TO_32_BIT_CONVERSION = YES;
				GCC_WARN_ABOUT_RETURN_TYPE = YES_ERROR;
				GCC_WARN_UNDECLARED_SELECTOR = YES;
				GCC_WARN_UNINITIALIZED_AUTOS = YES_AGGRESSIVE;
				GCC_WARN_UNUSED_FUNCTION = YES;
				GCC_WARN_UNUSED_VARIABLE = YES;
				IPHONEOS_DEPLOYMENT_TARGET = 16.0;
				MTL_ENABLE_DEBUG_INFO = INCLUDE_SOURCE;
				MTL_FAST_MATH = YES;
				ONLY_ACTIVE_ARCH = YES;
				SDKROOT = iphoneos;
				SWIFT_ACTIVE_COMPILATION_CONDITIONS = DEBUG;
				SWIFT_OPTIMIZATION_LEVEL = "-Onone";
			};
			name = Debug;
		};
		63082DF32994DE9B007769E0 /* Release */ = {
			isa = XCBuildConfiguration;
			buildSettings = {
				ALWAYS_SEARCH_USER_PATHS = NO;
				CLANG_ANALYZER_NONNULL = YES;
				CLANG_ANALYZER_NUMBER_OBJECT_CONVERSION = YES_AGGRESSIVE;
				CLANG_CXX_LANGUAGE_STANDARD = "gnu++20";
				CLANG_ENABLE_MODULES = YES;
				CLANG_ENABLE_OBJC_ARC = YES;
				CLANG_ENABLE_OBJC_WEAK = YES;
				CLANG_WARN_BLOCK_CAPTURE_AUTORELEASING = YES;
				CLANG_WARN_BOOL_CONVERSION = YES;
				CLANG_WARN_COMMA = YES;
				CLANG_WARN_CONSTANT_CONVERSION = YES;
				CLANG_WARN_DEPRECATED_OBJC_IMPLEMENTATIONS = YES;
				CLANG_WARN_DIRECT_OBJC_ISA_USAGE = YES_ERROR;
				CLANG_WARN_DOCUMENTATION_COMMENTS = YES;
				CLANG_WARN_EMPTY_BODY = YES;
				CLANG_WARN_ENUM_CONVERSION = YES;
				CLANG_WARN_INFINITE_RECURSION = YES;
				CLANG_WARN_INT_CONVERSION = YES;
				CLANG_WARN_NON_LITERAL_NULL_CONVERSION = YES;
				CLANG_WARN_OBJC_IMPLICIT_RETAIN_SELF = YES;
				CLANG_WARN_OBJC_LITERAL_CONVERSION = YES;
				CLANG_WARN_OBJC_ROOT_CLASS = YES_ERROR;
				CLANG_WARN_QUOTED_INCLUDE_IN_FRAMEWORK_HEADER = YES;
				CLANG_WARN_RANGE_LOOP_ANALYSIS = YES;
				CLANG_WARN_STRICT_PROTOTYPES = YES;
				CLANG_WARN_SUSPICIOUS_MOVE = YES;
				CLANG_WARN_UNGUARDED_AVAILABILITY = YES_AGGRESSIVE;
				CLANG_WARN_UNREACHABLE_CODE = YES;
				CLANG_WARN__DUPLICATE_METHOD_MATCH = YES;
				COPY_PHASE_STRIP = NO;
				DEBUG_INFORMATION_FORMAT = "dwarf-with-dsym";
				ENABLE_NS_ASSERTIONS = NO;
				ENABLE_STRICT_OBJC_MSGSEND = YES;
				GCC_C_LANGUAGE_STANDARD = gnu11;
				GCC_NO_COMMON_BLOCKS = YES;
				GCC_WARN_64_TO_32_BIT_CONVERSION = YES;
				GCC_WARN_ABOUT_RETURN_TYPE = YES_ERROR;
				GCC_WARN_UNDECLARED_SELECTOR = YES;
				GCC_WARN_UNINITIALIZED_AUTOS = YES_AGGRESSIVE;
				GCC_WARN_UNUSED_FUNCTION = YES;
				GCC_WARN_UNUSED_VARIABLE = YES;
				IPHONEOS_DEPLOYMENT_TARGET = 16.0;
				MTL_ENABLE_DEBUG_INFO = NO;
				MTL_FAST_MATH = YES;
				SDKROOT = iphoneos;
				SWIFT_COMPILATION_MODE = wholemodule;
				SWIFT_OPTIMIZATION_LEVEL = "-O";
				VALIDATE_PRODUCT = YES;
			};
			name = Release;
		};
		63082DF52994DE9B007769E0 /* Debug */ = {
			isa = XCBuildConfiguration;
			buildSettings = {
				ASSETCATALOG_COMPILER_APPICON_NAME = AppIcon;
				ASSETCATALOG_COMPILER_GLOBAL_ACCENT_COLOR_NAME = AccentColor;
				CODE_SIGN_STYLE = Automatic;
				CURRENT_PROJECT_VERSION = 1;
				DEVELOPMENT_ASSET_PATHS = "\"Mollection/Preview Content\"";
				DEVELOPMENT_TEAM = QV329P6X5G;
				ENABLE_PREVIEWS = YES;
				GENERATE_INFOPLIST_FILE = YES;
				INFOPLIST_FILE = Mollection/Info.plist;
				INFOPLIST_KEY_UIApplicationSceneManifest_Generation = YES;
				INFOPLIST_KEY_UIApplicationSupportsIndirectInputEvents = YES;
				INFOPLIST_KEY_UILaunchScreen_Generation = YES;
				INFOPLIST_KEY_UISupportedInterfaceOrientations_iPad = "UIInterfaceOrientationPortrait UIInterfaceOrientationPortraitUpsideDown UIInterfaceOrientationLandscapeLeft UIInterfaceOrientationLandscapeRight";
				INFOPLIST_KEY_UISupportedInterfaceOrientations_iPhone = "UIInterfaceOrientationPortrait UIInterfaceOrientationLandscapeLeft UIInterfaceOrientationLandscapeRight";
				LD_RUNPATH_SEARCH_PATHS = (
					"$(inherited)",
					"@executable_path/Frameworks",
				);
				MARKETING_VERSION = 1.0;
				PRODUCT_BUNDLE_IDENTIFIER = com.project.Mollection;
				PRODUCT_NAME = "$(TARGET_NAME)";
				SWIFT_EMIT_LOC_STRINGS = YES;
				SWIFT_VERSION = 5.0;
				TARGETED_DEVICE_FAMILY = "1,2";
			};
			name = Debug;
		};
		63082DF62994DE9B007769E0 /* Release */ = {
			isa = XCBuildConfiguration;
			buildSettings = {
				ASSETCATALOG_COMPILER_APPICON_NAME = AppIcon;
				ASSETCATALOG_COMPILER_GLOBAL_ACCENT_COLOR_NAME = AccentColor;
				CODE_SIGN_STYLE = Automatic;
				CURRENT_PROJECT_VERSION = 1;
				DEVELOPMENT_ASSET_PATHS = "\"Mollection/Preview Content\"";
				DEVELOPMENT_TEAM = QV329P6X5G;
				ENABLE_PREVIEWS = YES;
				GENERATE_INFOPLIST_FILE = YES;
				INFOPLIST_FILE = Mollection/Info.plist;
				INFOPLIST_KEY_UIApplicationSceneManifest_Generation = YES;
				INFOPLIST_KEY_UIApplicationSupportsIndirectInputEvents = YES;
				INFOPLIST_KEY_UILaunchScreen_Generation = YES;
				INFOPLIST_KEY_UISupportedInterfaceOrientations_iPad = "UIInterfaceOrientationPortrait UIInterfaceOrientationPortraitUpsideDown UIInterfaceOrientationLandscapeLeft UIInterfaceOrientationLandscapeRight";
				INFOPLIST_KEY_UISupportedInterfaceOrientations_iPhone = "UIInterfaceOrientationPortrait UIInterfaceOrientationLandscapeLeft UIInterfaceOrientationLandscapeRight";
				LD_RUNPATH_SEARCH_PATHS = (
					"$(inherited)",
					"@executable_path/Frameworks",
				);
				MARKETING_VERSION = 1.0;
				PRODUCT_BUNDLE_IDENTIFIER = com.project.Mollection;
				PRODUCT_NAME = "$(TARGET_NAME)";
				SWIFT_EMIT_LOC_STRINGS = YES;
				SWIFT_VERSION = 5.0;
				TARGETED_DEVICE_FAMILY = "1,2";
			};
			name = Release;
		};
/* End XCBuildConfiguration section */

/* Begin XCConfigurationList section */
		63082DE12994DE9A007769E0 /* Build configuration list for PBXProject "Mollection" */ = {
			isa = XCConfigurationList;
			buildConfigurations = (
				63082DF22994DE9B007769E0 /* Debug */,
				63082DF32994DE9B007769E0 /* Release */,
			);
			defaultConfigurationIsVisible = 0;
			defaultConfigurationName = Release;
		};
		63082DF42994DE9B007769E0 /* Build configuration list for PBXNativeTarget "Mollection" */ = {
			isa = XCConfigurationList;
			buildConfigurations = (
				63082DF52994DE9B007769E0 /* Debug */,
				63082DF62994DE9B007769E0 /* Release */,
			);
			defaultConfigurationIsVisible = 0;
			defaultConfigurationName = Release;
		};
/* End XCConfigurationList section */
	};
	rootObject = 63082DDE2994DE9A007769E0 /* Project object */;
}
